
Microsoft Visual Studio Solution File, Format Version 12.00
# Visual Studio Version 16
VisualStudioVersion = 16.0.30709.132
MinimumVisualStudioVersion = 10.0.40219.1
Project("{FAE04EC0-301F-11D3-BF4B-00C04F79EFBC}") = "ContribSentry.UWP", "ContribSentry.UWP.csproj", "{48AA35C0-C77D-4707-8860-22868D30B8D9}"
EndProject
Project("{2150E333-8FDC-42A3-9474-1A3956D46DE8}") = "Tests", "Tests", "{F869BE50-DC5E-4700-A233-214054902CE3}"
EndProject
Project("{FAE04EC0-301F-11D3-BF4B-00C04F79EFBC}") = "ContribSentry.UWP.Tests", "Tests\ContribSentry.UWP.Tests\ContribSentry.UWP.Tests.csproj", "{73CDB5D6-086B-44A0-AFCB-C8D7E0C80ACE}"
EndProject
Global
	GlobalSection(SolutionConfigurationPlatforms) = preSolution
		Debug|Any CPU = Debug|Any CPU
		Debug|ARM = Debug|ARM
		Debug|ARM64 = Debug|ARM64
		Debug|x64 = Debug|x64
		Debug|x86 = Debug|x86
		Release|Any CPU = Release|Any CPU
		Release|ARM = Release|ARM
		Release|ARM64 = Release|ARM64
		Release|x64 = Release|x64
		Release|x86 = Release|x86
	EndGlobalSection
	GlobalSection(ProjectConfigurationPlatforms) = postSolution
		{48AA35C0-C77D-4707-8860-22868D30B8D9}.Debug|Any CPU.ActiveCfg = Debug|Any CPU
		{48AA35C0-C77D-4707-8860-22868D30B8D9}.Debug|Any CPU.Build.0 = Debug|Any CPU
		{48AA35C0-C77D-4707-8860-22868D30B8D9}.Debug|ARM.ActiveCfg = Debug|ARM
		{48AA35C0-C77D-4707-8860-22868D30B8D9}.Debug|ARM.Build.0 = Debug|ARM
		{48AA35C0-C77D-4707-8860-22868D30B8D9}.Debug|ARM64.ActiveCfg = Debug|ARM64
		{48AA35C0-C77D-4707-8860-22868D30B8D9}.Debug|ARM64.Build.0 = Debug|ARM64
		{48AA35C0-C77D-4707-8860-22868D30B8D9}.Debug|x64.ActiveCfg = Debug|x64
		{48AA35C0-C77D-4707-8860-22868D30B8D9}.Debug|x64.Build.0 = Debug|x64
		{48AA35C0-C77D-4707-8860-22868D30B8D9}.Debug|x86.ActiveCfg = Debug|x86
		{48AA35C0-C77D-4707-8860-22868D30B8D9}.Debug|x86.Build.0 = Debug|x86
		{48AA35C0-C77D-4707-8860-22868D30B8D9}.Release|Any CPU.ActiveCfg = Release|Any CPU
		{48AA35C0-C77D-4707-8860-22868D30B8D9}.Release|Any CPU.Build.0 = Release|Any CPU
		{48AA35C0-C77D-4707-8860-22868D30B8D9}.Release|ARM.ActiveCfg = Release|ARM
		{48AA35C0-C77D-4707-8860-22868D30B8D9}.Release|ARM.Build.0 = Release|ARM
		{48AA35C0-C77D-4707-8860-22868D30B8D9}.Release|ARM64.ActiveCfg = Release|ARM64
		{48AA35C0-C77D-4707-8860-22868D30B8D9}.Release|ARM64.Build.0 = Release|ARM64
		{48AA35C0-C77D-4707-8860-22868D30B8D9}.Release|x64.ActiveCfg = Release|x64
		{48AA35C0-C77D-4707-8860-22868D30B8D9}.Release|x64.Build.0 = Release|x64
		{48AA35C0-C77D-4707-8860-22868D30B8D9}.Release|x86.ActiveCfg = Release|x86
		{48AA35C0-C77D-4707-8860-22868D30B8D9}.Release|x86.Build.0 = Release|x86
		{73CDB5D6-086B-44A0-AFCB-C8D7E0C80ACE}.Debug|Any CPU.ActiveCfg = Debug|x86
		{73CDB5D6-086B-44A0-AFCB-C8D7E0C80ACE}.Debug|ARM.ActiveCfg = Debug|ARM
		{73CDB5D6-086B-44A0-AFCB-C8D7E0C80ACE}.Debug|ARM.Build.0 = Debug|ARM
		{73CDB5D6-086B-44A0-AFCB-C8D7E0C80ACE}.Debug|ARM.Deploy.0 = Debug|ARM
		{73CDB5D6-086B-44A0-AFCB-C8D7E0C80ACE}.Debug|ARM64.ActiveCfg = Debug|ARM64
		{73CDB5D6-086B-44A0-AFCB-C8D7E0C80ACE}.Debug|ARM64.Build.0 = Debug|ARM64
		{73CDB5D6-086B-44A0-AFCB-C8D7E0C80ACE}.Debug|ARM64.Deploy.0 = Debug|ARM64
		{73CDB5D6-086B-44A0-AFCB-C8D7E0C80ACE}.Debug|x64.ActiveCfg = Debug|x64
		{73CDB5D6-086B-44A0-AFCB-C8D7E0C80ACE}.Debug|x64.Build.0 = Debug|x64
		{73CDB5D6-086B-44A0-AFCB-C8D7E0C80ACE}.Debug|x64.Deploy.0 = Debug|x64
		{73CDB5D6-086B-44A0-AFCB-C8D7E0C80ACE}.Debug|x86.ActiveCfg = Debug|x86
		{73CDB5D6-086B-44A0-AFCB-C8D7E0C80ACE}.Debug|x86.Build.0 = Debug|x86
		{73CDB5D6-086B-44A0-AFCB-C8D7E0C80ACE}.Debug|x86.Deploy.0 = Debug|x86
		{73CDB5D6-086B-44A0-AFCB-C8D7E0C80ACE}.Release|Any CPU.ActiveCfg = Release|x86
		{73CDB5D6-086B-44A0-AFCB-C8D7E0C80ACE}.Release|ARM.ActiveCfg = Release|ARM
		{73CDB5D6-086B-44A0-AFCB-C8D7E0C80ACE}.Release|ARM.Build.0 = Release|ARM
		{73CDB5D6-086B-44A0-AFCB-C8D7E0C80ACE}.Release|ARM.Deploy.0 = Release|ARM
		{73CDB5D6-086B-44A0-AFCB-C8D7E0C80ACE}.Release|ARM64.ActiveCfg = Release|ARM64
		{73CDB5D6-086B-44A0-AFCB-C8D7E0C80ACE}.Release|ARM64.Build.0 = Release|ARM64
		{73CDB5D6-086B-44A0-AFCB-C8D7E0C80ACE}.Release|ARM64.Deploy.0 = Release|ARM64
		{73CDB5D6-086B-44A0-AFCB-C8D7E0C80ACE}.Release|x64.ActiveCfg = Release|x64
		{73CDB5D6-086B-44A0-AFCB-C8D7E0C80ACE}.Release|x64.Build.0 = Release|x64
		{73CDB5D6-086B-44A0-AFCB-C8D7E0C80ACE}.Release|x64.Deploy.0 = Release|x64
		{73CDB5D6-086B-44A0-AFCB-C8D7E0C80ACE}.Release|x86.ActiveCfg = Release|x86
		{73CDB5D6-086B-44A0-AFCB-C8D7E0C80ACE}.Release|x86.Build.0 = Release|x86
		{73CDB5D6-086B-44A0-AFCB-C8D7E0C80ACE}.Release|x86.Deploy.0 = Release|x86
	EndGlobalSection
	GlobalSection(SolutionProperties) = preSolution
		HideSolutionNode = FALSE
	EndGlobalSection
	GlobalSection(NestedProjects) = preSolution
		{73CDB5D6-086B-44A0-AFCB-C8D7E0C80ACE} = {F869BE50-DC5E-4700-A233-214054902CE3}
	EndGlobalSection
	GlobalSection(ExtensibilityGlobals) = postSolution
		SolutionGuid = {A586D4AB-57A9-4028-8504-9176C3441BA3}
	EndGlobalSection
EndGlobal
